
Microsoft Visual Studio Solution File, Format Version 12.00
# Visual Studio Version 17
VisualStudioVersion = 17.0.31903.59
MinimumVisualStudioVersion = 10.0.40219.1
Project("{2150E333-8FDC-42A3-9474-1A3956D46DE8}") = "src", "src", "{0E36B78E-A459-4CD5-BCC5-E0F0193372BB}"
EndProject
Project("{FAE04EC0-301F-11D3-BF4B-00C04F79EFBC}") = "PrinterService.Infrastructure", "src\PrinterService.Infrastructure\PrinterService.Infrastructure.csproj", "{EA0518C2-F39B-4EC3-B1BE-CB1FA277E953}"
EndProject
Project("{FAE04EC0-301F-11D3-BF4B-00C04F79EFBC}") = "PrinterService.Domain", "src\PrinterService.Domain\PrinterService.Domain.csproj", "{2082FB51-EE8F-4024-B1FD-3E5DE1978C59}"
EndProject
Project("{FAE04EC0-301F-11D3-BF4B-00C04F79EFBC}") = "PrinterService.Application", "src\PrinterService.Application\PrinterService.Application.csproj", "{3D874959-FCA4-46BD-84B9-F5285D871D19}"
EndProject
Global
	GlobalSection(SolutionConfigurationPlatforms) = preSolution
		Debug|Any CPU = Debug|Any CPU
		Release|Any CPU = Release|Any CPU
	EndGlobalSection
	GlobalSection(SolutionProperties) = preSolution
		HideSolutionNode = FALSE
	EndGlobalSection
	GlobalSection(ProjectConfigurationPlatforms) = postSolution
		{EA0518C2-F39B-4EC3-B1BE-CB1FA277E953}.Debug|Any CPU.ActiveCfg = Debug|Any CPU
		{EA0518C2-F39B-4EC3-B1BE-CB1FA277E953}.Debug|Any CPU.Build.0 = Debug|Any CPU
		{EA0518C2-F39B-4EC3-B1BE-CB1FA277E953}.Release|Any CPU.ActiveCfg = Release|Any CPU
		{EA0518C2-F39B-4EC3-B1BE-CB1FA277E953}.Release|Any CPU.Build.0 = Release|Any CPU
		{2082FB51-EE8F-4024-B1FD-3E5DE1978C59}.Debug|Any CPU.ActiveCfg = Debug|Any CPU
		{2082FB51-EE8F-4024-B1FD-3E5DE1978C59}.Debug|Any CPU.Build.0 = Debug|Any CPU
		{2082FB51-EE8F-4024-B1FD-3E5DE1978C59}.Release|Any CPU.ActiveCfg = Release|Any CPU
		{2082FB51-EE8F-4024-B1FD-3E5DE1978C59}.Release|Any CPU.Build.0 = Release|Any CPU
		{3D874959-FCA4-46BD-84B9-F5285D871D19}.Debug|Any CPU.ActiveCfg = Debug|Any CPU
		{3D874959-FCA4-46BD-84B9-F5285D871D19}.Debug|Any CPU.Build.0 = Debug|Any CPU
		{3D874959-FCA4-46BD-84B9-F5285D871D19}.Release|Any CPU.ActiveCfg = Release|Any CPU
		{3D874959-FCA4-46BD-84B9-F5285D871D19}.Release|Any CPU.Build.0 = Release|Any CPU
	EndGlobalSection
	GlobalSection(NestedProjects) = preSolution
		{EA0518C2-F39B-4EC3-B1BE-CB1FA277E953} = {0E36B78E-A459-4CD5-BCC5-E0F0193372BB}
		{2082FB51-EE8F-4024-B1FD-3E5DE1978C59} = {0E36B78E-A459-4CD5-BCC5-E0F0193372BB}
		{3D874959-FCA4-46BD-84B9-F5285D871D19} = {0E36B78E-A459-4CD5-BCC5-E0F0193372BB}
	EndGlobalSection
EndGlobal
